
Microsoft Visual Studio Solution File, Format Version 12.00
# Visual Studio Version 17
VisualStudioVersion = 17.5.33530.505
MinimumVisualStudioVersion = 10.0.40219.1
Project("{9A19103F-16F7-4668-BE54-9A1E7A4F7556}") = "AdminPanelApi", "AdminPanelApi\AdminPanelApi.csproj", "{7C8DA660-C131-4BD0-A192-05F853086E62}"
EndProject
Project("{9A19103F-16F7-4668-BE54-9A1E7A4F7556}") = "AdminPanelWeb", "AdminPanelWeb\AdminPanelWeb.csproj", "{12B61DD8-92D4-4EEA-B0C7-A98E7FF5A890}"
EndProject
Global
	GlobalSection(SolutionConfigurationPlatforms) = preSolution
		Debug|Any CPU = Debug|Any CPU
		Release|Any CPU = Release|Any CPU
	EndGlobalSection
	GlobalSection(ProjectConfigurationPlatforms) = postSolution
		{7C8DA660-C131-4BD0-A192-05F853086E62}.Debug|Any CPU.ActiveCfg = Debug|Any CPU
		{7C8DA660-C131-4BD0-A192-05F853086E62}.Debug|Any CPU.Build.0 = Debug|Any CPU
		{7C8DA660-C131-4BD0-A192-05F853086E62}.Release|Any CPU.ActiveCfg = Release|Any CPU
		{7C8DA660-C131-4BD0-A192-05F853086E62}.Release|Any CPU.Build.0 = Release|Any CPU
		{12B61DD8-92D4-4EEA-B0C7-A98E7FF5A890}.Debug|Any CPU.ActiveCfg = Debug|Any CPU
		{12B61DD8-92D4-4EEA-B0C7-A98E7FF5A890}.Debug|Any CPU.Build.0 = Debug|Any CPU
		{12B61DD8-92D4-4EEA-B0C7-A98E7FF5A890}.Release|Any CPU.ActiveCfg = Release|Any CPU
		{12B61DD8-92D4-4EEA-B0C7-A98E7FF5A890}.Release|Any CPU.Build.0 = Release|Any CPU
	EndGlobalSection
	GlobalSection(SolutionProperties) = preSolution
		HideSolutionNode = FALSE
	EndGlobalSection
	GlobalSection(ExtensibilityGlobals) = postSolution
		SolutionGuid = {0C6556BD-C6F6-423C-A14A-824DEA6A0EA0}
	EndGlobalSection
EndGlobal
